
Microsoft Visual Studio Solution File, Format Version 12.00
# Visual Studio Version 17
VisualStudioVersion = 17.8.34330.188
MinimumVisualStudioVersion = 10.0.40219.1
Project("{FAE04EC0-301F-11D3-BF4B-00C04F79EFBC}") = "partial and seal", "partial and seal\partial and seal.csproj", "{9B2FDE46-2A1E-46A4-AF89-0F027643DF78}"
EndProject
Global
	GlobalSection(SolutionConfigurationPlatforms) = preSolution
		Debug|Any CPU = Debug|Any CPU
		Release|Any CPU = Release|Any CPU
	EndGlobalSection
	GlobalSection(ProjectConfigurationPlatforms) = postSolution
		{9B2FDE46-2A1E-46A4-AF89-0F027643DF78}.Debug|Any CPU.ActiveCfg = Debug|Any CPU
		{9B2FDE46-2A1E-46A4-AF89-0F027643DF78}.Debug|Any CPU.Build.0 = Debug|Any CPU
		{9B2FDE46-2A1E-46A4-AF89-0F027643DF78}.Release|Any CPU.ActiveCfg = Release|Any CPU
		{9B2FDE46-2A1E-46A4-AF89-0F027643DF78}.Release|Any CPU.Build.0 = Release|Any CPU
	EndGlobalSection
	GlobalSection(SolutionProperties) = preSolution
		HideSolutionNode = FALSE
	EndGlobalSection
	GlobalSection(ExtensibilityGlobals) = postSolution
		SolutionGuid = {78D89DCF-39C5-4682-816B-86FF8D49EFF7}
	EndGlobalSection
EndGlobal
